
Microsoft Visual Studio Solution File, Format Version 12.00
# Visual Studio Version 17
VisualStudioVersion = 17.4.33213.308
MinimumVisualStudioVersion = 10.0.40219.1
Project("{FAE04EC0-301F-11D3-BF4B-00C04F79EFBC}") = "gitapp", "gitapp\gitapp.csproj", "{57CBFA41-ACFD-465D-B6EE-535B39EF62DD}"
EndProject
Global
	GlobalSection(SolutionConfigurationPlatforms) = preSolution
		Debug|Any CPU = Debug|Any CPU
		Release|Any CPU = Release|Any CPU
	EndGlobalSection
	GlobalSection(ProjectConfigurationPlatforms) = postSolution
		{57CBFA41-ACFD-465D-B6EE-535B39EF62DD}.Debug|Any CPU.ActiveCfg = Debug|Any CPU
		{57CBFA41-ACFD-465D-B6EE-535B39EF62DD}.Debug|Any CPU.Build.0 = Debug|Any CPU
		{57CBFA41-ACFD-465D-B6EE-535B39EF62DD}.Release|Any CPU.ActiveCfg = Release|Any CPU
		{57CBFA41-ACFD-465D-B6EE-535B39EF62DD}.Release|Any CPU.Build.0 = Release|Any CPU
	EndGlobalSection
	GlobalSection(SolutionProperties) = preSolution
		HideSolutionNode = FALSE
	EndGlobalSection
	GlobalSection(ExtensibilityGlobals) = postSolution
		SolutionGuid = {D7EAE24E-482A-4B17-87CC-E827A4E17412}
	EndGlobalSection
EndGlobal
